// !$*UTF8*$!
{
	archiveVersion = 1;
	classes = {
	};
	objectVersion = 55;
	objects = {

/* Begin PBXBuildFile section */
		0219DF3828E805E9001F9103 /* AppDelegate.swift in Sources */ = {isa = PBXBuildFile; fileRef = 0219DF3728E805E9001F9103 /* AppDelegate.swift */; };
		0219DF3A28E805E9001F9103 /* SceneDelegate.swift in Sources */ = {isa = PBXBuildFile; fileRef = 0219DF3928E805E9001F9103 /* SceneDelegate.swift */; };
		0219DF3C28E805E9001F9103 /* ViewController.swift in Sources */ = {isa = PBXBuildFile; fileRef = 0219DF3B28E805E9001F9103 /* ViewController.swift */; };
		0219DF3F28E805E9001F9103 /* Main.storyboard in Resources */ = {isa = PBXBuildFile; fileRef = 0219DF3D28E805E9001F9103 /* Main.storyboard */; };
		0219DF4128E805EB001F9103 /* Assets.xcassets in Resources */ = {isa = PBXBuildFile; fileRef = 0219DF4028E805EB001F9103 /* Assets.xcassets */; };
		0219DF4428E805EB001F9103 /* LaunchScreen.storyboard in Resources */ = {isa = PBXBuildFile; fileRef = 0219DF4228E805EB001F9103 /* LaunchScreen.storyboard */; };
		0219DF4C28E81593001F9103 /* FirstViewController.swift in Sources */ = {isa = PBXBuildFile; fileRef = 0219DF4B28E81593001F9103 /* FirstViewController.swift */; };
		0219DF4F28E81BA0001F9103 /* SecondViewController.swift in Sources */ = {isa = PBXBuildFile; fileRef = 0219DF4E28E81BA0001F9103 /* SecondViewController.swift */; };
		02327F3528EDFF3700EE7C6B /* LoginViewController.swift in Sources */ = {isa = PBXBuildFile; fileRef = 02327F3428EDFF3700EE7C6B /* LoginViewController.swift */; };
		02327F3728EDFF4300EE7C6B /* SignupViewController.swift in Sources */ = {isa = PBXBuildFile; fileRef = 02327F3628EDFF4300EE7C6B /* SignupViewController.swift */; };
		02327F3928EDFF5100EE7C6B /* WelcomeViewController.swift in Sources */ = {isa = PBXBuildFile; fileRef = 02327F3828EDFF5100EE7C6B /* WelcomeViewController.swift */; };
		024247AA28F8730900E21138 /* MelonViewController.swift in Sources */ = {isa = PBXBuildFile; fileRef = 024247A628F8730900E21138 /* MelonViewController.swift */; };
		024247AB28F8730900E21138 /* SecondLayoutViewController.swift in Sources */ = {isa = PBXBuildFile; fileRef = 024247A728F8730900E21138 /* SecondLayoutViewController.swift */; };
		024247AC28F8730900E21138 /* FirstLayoutViewController.swift in Sources */ = {isa = PBXBuildFile; fileRef = 024247A828F8730900E21138 /* FirstLayoutViewController.swift */; };
		024247AD28F8730900E21138 /* ScrollLayoutViewController.swift in Sources */ = {isa = PBXBuildFile; fileRef = 024247A928F8730900E21138 /* ScrollLayoutViewController.swift */; };
		0242E3CC28F6EE570026050B /* SwiftyColor in Frameworks */ = {isa = PBXBuildFile; productRef = 0242E3CB28F6EE570026050B /* SwiftyColor */; };
		0242E3CF28F6EE7D0026050B /* Then in Frameworks */ = {isa = PBXBuildFile; productRef = 0242E3CE28F6EE7D0026050B /* Then */; };
		0246FC6328F34950006560B5 /* FriendListViewController.swift in Sources */ = {isa = PBXBuildFile; fileRef = 0246FC6228F34950006560B5 /* FriendListViewController.swift */; };
		0246FC6528F355AA006560B5 /* ProfileViewController.swift in Sources */ = {isa = PBXBuildFile; fileRef = 0246FC6428F355AA006560B5 /* ProfileViewController.swift */; };
		025D5EA629144D5E001B73CA /* MyProfileHeaderView.swift in Sources */ = {isa = PBXBuildFile; fileRef = 025D5EA529144D5E001B73CA /* MyProfileHeaderView.swift */; };
		025D5EA829145913001B73CA /* ChatCollectionModel.swift in Sources */ = {isa = PBXBuildFile; fileRef = 025D5EA729145913001B73CA /* ChatCollectionModel.swift */; };
		025D5EAA29146221001B73CA /* ChatCollectionViewCell.swift in Sources */ = {isa = PBXBuildFile; fileRef = 025D5EA929146221001B73CA /* ChatCollectionViewCell.swift */; };
		025D5EAC29147498001B73CA /* ChatCollectionReusableView.swift in Sources */ = {isa = PBXBuildFile; fileRef = 025D5EAB29147498001B73CA /* ChatCollectionReusableView.swift */; };
		025D5EAE2914815B001B73CA /* GridPhotoViewController.swift in Sources */ = {isa = PBXBuildFile; fileRef = 025D5EAD2914815B001B73CA /* GridPhotoViewController.swift */; };
		025D5EB029148289001B73CA /* GridPhotoModel.swift in Sources */ = {isa = PBXBuildFile; fileRef = 025D5EAF29148289001B73CA /* GridPhotoModel.swift */; };
		025D5EB2291488C0001B73CA /* GridCollectionViewCell.swift in Sources */ = {isa = PBXBuildFile; fileRef = 025D5EB1291488C0001B73CA /* GridCollectionViewCell.swift */; };
		025EEF1C28F14D3A00625CF7 /* SnapKit in Frameworks */ = {isa = PBXBuildFile; productRef = 025EEF1B28F14D3A00625CF7 /* SnapKit */; };
		027010E82912E0D0003A8635 /* FriendTableViewCell.swift in Sources */ = {isa = PBXBuildFile; fileRef = 027010E72912E0D0003A8635 /* FriendTableViewCell.swift */; };
		029EAE5628FA7ED200C92CD3 /* DelegateViewController.swift in Sources */ = {isa = PBXBuildFile; fileRef = 029EAE5528FA7ED200C92CD3 /* DelegateViewController.swift */; };
		029EAE5B28FA818700C92CD3 /* MusicModel.swift in Sources */ = {isa = PBXBuildFile; fileRef = 029EAE5A28FA818700C92CD3 /* MusicModel.swift */; };
		029EAE6128FA8C8700C92CD3 /* MusicTableViewCell.swift in Sources */ = {isa = PBXBuildFile; fileRef = 029EAE6028FA8C8700C92CD3 /* MusicTableViewCell.swift */; };
		029EAE6328FA8F4B00C92CD3 /* MusicListViewController.swift in Sources */ = {isa = PBXBuildFile; fileRef = 029EAE6228FA8F4B00C92CD3 /* MusicListViewController.swift */; };
		029EAE6528FA9ED400C92CD3 /* MusicGridViewController.swift in Sources */ = {isa = PBXBuildFile; fileRef = 029EAE6428FA9ED400C92CD3 /* MusicGridViewController.swift */; };
		029EAE6828FAA03900C92CD3 /* MusicCollectionViewCell.swift in Sources */ = {isa = PBXBuildFile; fileRef = 029EAE6728FAA03900C92CD3 /* MusicCollectionViewCell.swift */; };
		02A303ED291273E2003D7DBD /* FriendListModel.swift in Sources */ = {isa = PBXBuildFile; fileRef = 02A303EC291273E2003D7DBD /* FriendListModel.swift */; };
		02E9742A2910440A00DE37DA /* KaKaoTabbarController.swift in Sources */ = {isa = PBXBuildFile; fileRef = 02E974292910440A00DE37DA /* KaKaoTabbarController.swift */; };
		02E9742C2910453C00DE37DA /* ChatCollectionViewController.swift in Sources */ = {isa = PBXBuildFile; fileRef = 02E9742B2910453C00DE37DA /* ChatCollectionViewController.swift */; };
		02E9742E291045AA00DE37DA /* SharpViewController.swift in Sources */ = {isa = PBXBuildFile; fileRef = 02E9742D291045AA00DE37DA /* SharpViewController.swift */; };
		02E97430291045BA00DE37DA /* ShopViewController.swift in Sources */ = {isa = PBXBuildFile; fileRef = 02E9742F291045BA00DE37DA /* ShopViewController.swift */; };
		02E97432291045CA00DE37DA /* MoreViewController.swift in Sources */ = {isa = PBXBuildFile; fileRef = 02E97431291045CA00DE37DA /* MoreViewController.swift */; };
/* End PBXBuildFile section */

/* Begin PBXFileReference section */
		0219DF3428E805E9001F9103 /* IN_SOPT_First_Seminar.app */ = {isa = PBXFileReference; explicitFileType = wrapper.application; includeInIndex = 0; path = IN_SOPT_First_Seminar.app; sourceTree = BUILT_PRODUCTS_DIR; };
		0219DF3728E805E9001F9103 /* AppDelegate.swift */ = {isa = PBXFileReference; lastKnownFileType = sourcecode.swift; path = AppDelegate.swift; sourceTree = "<group>"; };
		0219DF3928E805E9001F9103 /* SceneDelegate.swift */ = {isa = PBXFileReference; lastKnownFileType = sourcecode.swift; path = SceneDelegate.swift; sourceTree = "<group>"; };
		0219DF3B28E805E9001F9103 /* ViewController.swift */ = {isa = PBXFileReference; lastKnownFileType = sourcecode.swift; path = ViewController.swift; sourceTree = "<group>"; };
		0219DF3E28E805E9001F9103 /* Base */ = {isa = PBXFileReference; lastKnownFileType = file.storyboard; name = Base; path = Base.lproj/Main.storyboard; sourceTree = "<group>"; };
		0219DF4028E805EB001F9103 /* Assets.xcassets */ = {isa = PBXFileReference; lastKnownFileType = folder.assetcatalog; path = Assets.xcassets; sourceTree = "<group>"; };
		0219DF4328E805EB001F9103 /* Base */ = {isa = PBXFileReference; lastKnownFileType = file.storyboard; name = Base; path = Base.lproj/LaunchScreen.storyboard; sourceTree = "<group>"; };
		0219DF4528E805EB001F9103 /* Info.plist */ = {isa = PBXFileReference; lastKnownFileType = text.plist.xml; path = Info.plist; sourceTree = "<group>"; };
		0219DF4B28E81593001F9103 /* FirstViewController.swift */ = {isa = PBXFileReference; lastKnownFileType = sourcecode.swift; path = FirstViewController.swift; sourceTree = "<group>"; };
		0219DF4E28E81BA0001F9103 /* SecondViewController.swift */ = {isa = PBXFileReference; lastKnownFileType = sourcecode.swift; path = SecondViewController.swift; sourceTree = "<group>"; };
		02327F3428EDFF3700EE7C6B /* LoginViewController.swift */ = {isa = PBXFileReference; lastKnownFileType = sourcecode.swift; path = LoginViewController.swift; sourceTree = "<group>"; };
		02327F3628EDFF4300EE7C6B /* SignupViewController.swift */ = {isa = PBXFileReference; lastKnownFileType = sourcecode.swift; path = SignupViewController.swift; sourceTree = "<group>"; };
		02327F3828EDFF5100EE7C6B /* WelcomeViewController.swift */ = {isa = PBXFileReference; lastKnownFileType = sourcecode.swift; path = WelcomeViewController.swift; sourceTree = "<group>"; };
		024247A628F8730900E21138 /* MelonViewController.swift */ = {isa = PBXFileReference; fileEncoding = 4; lastKnownFileType = sourcecode.swift; path = MelonViewController.swift; sourceTree = "<group>"; };
		024247A728F8730900E21138 /* SecondLayoutViewController.swift */ = {isa = PBXFileReference; fileEncoding = 4; lastKnownFileType = sourcecode.swift; path = SecondLayoutViewController.swift; sourceTree = "<group>"; };
		024247A828F8730900E21138 /* FirstLayoutViewController.swift */ = {isa = PBXFileReference; fileEncoding = 4; lastKnownFileType = sourcecode.swift; path = FirstLayoutViewController.swift; sourceTree = "<group>"; };
		024247A928F8730900E21138 /* ScrollLayoutViewController.swift */ = {isa = PBXFileReference; fileEncoding = 4; lastKnownFileType = sourcecode.swift; path = ScrollLayoutViewController.swift; sourceTree = "<group>"; };
		0246FC6228F34950006560B5 /* FriendListViewController.swift */ = {isa = PBXFileReference; lastKnownFileType = sourcecode.swift; path = FriendListViewController.swift; sourceTree = "<group>"; };
		0246FC6428F355AA006560B5 /* ProfileViewController.swift */ = {isa = PBXFileReference; lastKnownFileType = sourcecode.swift; path = ProfileViewController.swift; sourceTree = "<group>"; };
		025D5EA529144D5E001B73CA /* MyProfileHeaderView.swift */ = {isa = PBXFileReference; lastKnownFileType = sourcecode.swift; path = MyProfileHeaderView.swift; sourceTree = "<group>"; };
		025D5EA729145913001B73CA /* ChatCollectionModel.swift */ = {isa = PBXFileReference; lastKnownFileType = sourcecode.swift; path = ChatCollectionModel.swift; sourceTree = "<group>"; };
		025D5EA929146221001B73CA /* ChatCollectionViewCell.swift */ = {isa = PBXFileReference; lastKnownFileType = sourcecode.swift; path = ChatCollectionViewCell.swift; sourceTree = "<group>"; };
		025D5EAB29147498001B73CA /* ChatCollectionReusableView.swift */ = {isa = PBXFileReference; lastKnownFileType = sourcecode.swift; path = ChatCollectionReusableView.swift; sourceTree = "<group>"; };
		025D5EAD2914815B001B73CA /* GridPhotoViewController.swift */ = {isa = PBXFileReference; lastKnownFileType = sourcecode.swift; path = GridPhotoViewController.swift; sourceTree = "<group>"; };
		025D5EAF29148289001B73CA /* GridPhotoModel.swift */ = {isa = PBXFileReference; lastKnownFileType = sourcecode.swift; path = GridPhotoModel.swift; sourceTree = "<group>"; };
		025D5EB1291488C0001B73CA /* GridCollectionViewCell.swift */ = {isa = PBXFileReference; lastKnownFileType = sourcecode.swift; path = GridCollectionViewCell.swift; sourceTree = "<group>"; };
		027010E72912E0D0003A8635 /* FriendTableViewCell.swift */ = {isa = PBXFileReference; lastKnownFileType = sourcecode.swift; path = FriendTableViewCell.swift; sourceTree = "<group>"; };
		029EAE5528FA7ED200C92CD3 /* DelegateViewController.swift */ = {isa = PBXFileReference; lastKnownFileType = sourcecode.swift; path = DelegateViewController.swift; sourceTree = "<group>"; };
		029EAE5A28FA818700C92CD3 /* MusicModel.swift */ = {isa = PBXFileReference; lastKnownFileType = sourcecode.swift; path = MusicModel.swift; sourceTree = "<group>"; };
		029EAE6028FA8C8700C92CD3 /* MusicTableViewCell.swift */ = {isa = PBXFileReference; lastKnownFileType = sourcecode.swift; path = MusicTableViewCell.swift; sourceTree = "<group>"; };
		029EAE6228FA8F4B00C92CD3 /* MusicListViewController.swift */ = {isa = PBXFileReference; lastKnownFileType = sourcecode.swift; path = MusicListViewController.swift; sourceTree = "<group>"; };
		029EAE6428FA9ED400C92CD3 /* MusicGridViewController.swift */ = {isa = PBXFileReference; lastKnownFileType = sourcecode.swift; path = MusicGridViewController.swift; sourceTree = "<group>"; };
		029EAE6728FAA03900C92CD3 /* MusicCollectionViewCell.swift */ = {isa = PBXFileReference; lastKnownFileType = sourcecode.swift; path = MusicCollectionViewCell.swift; sourceTree = "<group>"; };
		02A303EC291273E2003D7DBD /* FriendListModel.swift */ = {isa = PBXFileReference; lastKnownFileType = sourcecode.swift; path = FriendListModel.swift; sourceTree = "<group>"; };
		02E974292910440A00DE37DA /* KaKaoTabbarController.swift */ = {isa = PBXFileReference; lastKnownFileType = sourcecode.swift; path = KaKaoTabbarController.swift; sourceTree = "<group>"; };
		02E9742B2910453C00DE37DA /* ChatCollectionViewController.swift */ = {isa = PBXFileReference; lastKnownFileType = sourcecode.swift; path = ChatCollectionViewController.swift; sourceTree = "<group>"; };
		02E9742D291045AA00DE37DA /* SharpViewController.swift */ = {isa = PBXFileReference; lastKnownFileType = sourcecode.swift; path = SharpViewController.swift; sourceTree = "<group>"; };
		02E9742F291045BA00DE37DA /* ShopViewController.swift */ = {isa = PBXFileReference; lastKnownFileType = sourcecode.swift; path = ShopViewController.swift; sourceTree = "<group>"; };
		02E97431291045CA00DE37DA /* MoreViewController.swift */ = {isa = PBXFileReference; lastKnownFileType = sourcecode.swift; path = MoreViewController.swift; sourceTree = "<group>"; };
/* End PBXFileReference section */

/* Begin PBXFrameworksBuildPhase section */
		0219DF3128E805E9001F9103 /* Frameworks */ = {
			isa = PBXFrameworksBuildPhase;
			buildActionMask = 2147483647;
			files = (
				0242E3CC28F6EE570026050B /* SwiftyColor in Frameworks */,
				0242E3CF28F6EE7D0026050B /* Then in Frameworks */,
				025EEF1C28F14D3A00625CF7 /* SnapKit in Frameworks */,
			);
			runOnlyForDeploymentPostprocessing = 0;
		};
/* End PBXFrameworksBuildPhase section */

/* Begin PBXGroup section */
		0219DF2B28E805E9001F9103 = {
			isa = PBXGroup;
			children = (
				0219DF3628E805E9001F9103 /* IN_SOPT_First_Seminar */,
				0219DF3528E805E9001F9103 /* Products */,
			);
			sourceTree = "<group>";
		};
		0219DF3528E805E9001F9103 /* Products */ = {
			isa = PBXGroup;
			children = (
				0219DF3428E805E9001F9103 /* IN_SOPT_First_Seminar.app */,
			);
			name = Products;
			sourceTree = "<group>";
		};
		0219DF3628E805E9001F9103 /* IN_SOPT_First_Seminar */ = {
			isa = PBXGroup;
			children = (
				029EAE5728FA7F3300C92CD3 /* Thrid_Seminar */,
				024247A528F8730900E21138 /* Second_Seminar */,
				0219DF3728E805E9001F9103 /* AppDelegate.swift */,
				0219DF3928E805E9001F9103 /* SceneDelegate.swift */,
				0219DF3B28E805E9001F9103 /* ViewController.swift */,
				0219DF3D28E805E9001F9103 /* Main.storyboard */,
				0219DF4028E805EB001F9103 /* Assets.xcassets */,
				0219DF4228E805EB001F9103 /* LaunchScreen.storyboard */,
				0219DF4528E805EB001F9103 /* Info.plist */,
				0242479F28F8725A00E21138 /* First_Seminar */,
				02327F3A28EDFF5B00EE7C6B /* Assignment */,
			);
			path = IN_SOPT_First_Seminar;
			sourceTree = "<group>";
		};
		02327F3A28EDFF5B00EE7C6B /* Assignment */ = {
			isa = PBXGroup;
			children = (
				027010E62912E0A1003A8635 /* Resuable */,
				02A303EB291273CF003D7DBD /* Model */,
				02327F3828EDFF5100EE7C6B /* WelcomeViewController.swift */,
				02327F3628EDFF4300EE7C6B /* SignupViewController.swift */,
				02327F3428EDFF3700EE7C6B /* LoginViewController.swift */,
				0246FC6228F34950006560B5 /* FriendListViewController.swift */,
				0246FC6428F355AA006560B5 /* ProfileViewController.swift */,
				02E974292910440A00DE37DA /* KaKaoTabbarController.swift */,
				02E9742B2910453C00DE37DA /* ChatCollectionViewController.swift */,
				02E9742D291045AA00DE37DA /* SharpViewController.swift */,
				02E9742F291045BA00DE37DA /* ShopViewController.swift */,
				02E97431291045CA00DE37DA /* MoreViewController.swift */,
				025D5EAD2914815B001B73CA /* GridPhotoViewController.swift */,
			);
			path = Assignment;
			sourceTree = "<group>";
		};
		0242479F28F8725A00E21138 /* First_Seminar */ = {
			isa = PBXGroup;
			children = (
				0219DF4B28E81593001F9103 /* FirstViewController.swift */,
				0219DF4E28E81BA0001F9103 /* SecondViewController.swift */,
			);
			path = First_Seminar;
			sourceTree = "<group>";
		};
		024247A528F8730900E21138 /* Second_Seminar */ = {
			isa = PBXGroup;
			children = (
				024247A628F8730900E21138 /* MelonViewController.swift */,
				024247A728F8730900E21138 /* SecondLayoutViewController.swift */,
				024247A828F8730900E21138 /* FirstLayoutViewController.swift */,
				024247A928F8730900E21138 /* ScrollLayoutViewController.swift */,
			);
			name = Second_Seminar;
			path = IN_SOPT_First_Seminar/Second_Seminar;
			sourceTree = SOURCE_ROOT;
		};
		027010E62912E0A1003A8635 /* Resuable */ = {
			isa = PBXGroup;
			children = (
				027010E72912E0D0003A8635 /* FriendTableViewCell.swift */,
				025D5EA529144D5E001B73CA /* MyProfileHeaderView.swift */,
				025D5EA929146221001B73CA /* ChatCollectionViewCell.swift */,
				025D5EAB29147498001B73CA /* ChatCollectionReusableView.swift */,
				025D5EB1291488C0001B73CA /* GridCollectionViewCell.swift */,
			);
			path = Resuable;
			sourceTree = "<group>";
		};
		029EAE5728FA7F3300C92CD3 /* Thrid_Seminar */ = {
			isa = PBXGroup;
			children = (
				029EAE6628FA9EDC00C92CD3 /* Resuable */,
				029EAE5928FA813400C92CD3 /* ViewController */,
				029EAE5828FA812B00C92CD3 /* Model */,
				029EAE5528FA7ED200C92CD3 /* DelegateViewController.swift */,
			);
			path = Thrid_Seminar;
			sourceTree = "<group>";
		};
		029EAE5828FA812B00C92CD3 /* Model */ = {
			isa = PBXGroup;
			children = (
				029EAE5A28FA818700C92CD3 /* MusicModel.swift */,
			);
			path = Model;
			sourceTree = "<group>";
		};
		029EAE5928FA813400C92CD3 /* ViewController */ = {
			isa = PBXGroup;
			children = (
				029EAE6228FA8F4B00C92CD3 /* MusicListViewController.swift */,
				029EAE6428FA9ED400C92CD3 /* MusicGridViewController.swift */,
			);
			path = ViewController;
			sourceTree = "<group>";
		};
		029EAE6628FA9EDC00C92CD3 /* Resuable */ = {
			isa = PBXGroup;
			children = (
				029EAE6028FA8C8700C92CD3 /* MusicTableViewCell.swift */,
				029EAE6728FAA03900C92CD3 /* MusicCollectionViewCell.swift */,
			);
			path = Resuable;
			sourceTree = "<group>";
		};
		02A303EB291273CF003D7DBD /* Model */ = {
			isa = PBXGroup;
			children = (
				02A303EC291273E2003D7DBD /* FriendListModel.swift */,
				025D5EA729145913001B73CA /* ChatCollectionModel.swift */,
				025D5EAF29148289001B73CA /* GridPhotoModel.swift */,
			);
			path = Model;
			sourceTree = "<group>";
		};
/* End PBXGroup section */

/* Begin PBXNativeTarget section */
		0219DF3328E805E9001F9103 /* IN_SOPT_First_Seminar */ = {
			isa = PBXNativeTarget;
			buildConfigurationList = 0219DF4828E805EB001F9103 /* Build configuration list for PBXNativeTarget "IN_SOPT_First_Seminar" */;
			buildPhases = (
				0219DF3028E805E9001F9103 /* Sources */,
				0219DF3128E805E9001F9103 /* Frameworks */,
				0219DF3228E805E9001F9103 /* Resources */,
			);
			buildRules = (
			);
			dependencies = (
			);
			name = IN_SOPT_First_Seminar;
			packageProductDependencies = (
				025EEF1B28F14D3A00625CF7 /* SnapKit */,
				0242E3CB28F6EE570026050B /* SwiftyColor */,
				0242E3CE28F6EE7D0026050B /* Then */,
			);
			productName = IN_SOPT_First_Seminar;
			productReference = 0219DF3428E805E9001F9103 /* IN_SOPT_First_Seminar.app */;
			productType = "com.apple.product-type.application";
		};
/* End PBXNativeTarget section */

/* Begin PBXProject section */
		0219DF2C28E805E9001F9103 /* Project object */ = {
			isa = PBXProject;
			attributes = {
				BuildIndependentTargetsInParallel = 1;
				LastSwiftUpdateCheck = 1340;
				LastUpgradeCheck = 1340;
				TargetAttributes = {
					0219DF3328E805E9001F9103 = {
						CreatedOnToolsVersion = 13.4.1;
					};
				};
			};
			buildConfigurationList = 0219DF2F28E805E9001F9103 /* Build configuration list for PBXProject "IN_SOPT_First_Seminar" */;
			compatibilityVersion = "Xcode 13.0";
			developmentRegion = en;
			hasScannedForEncodings = 0;
			knownRegions = (
				en,
				Base,
			);
			mainGroup = 0219DF2B28E805E9001F9103;
			packageReferences = (
				025EEF1A28F14D3A00625CF7 /* XCRemoteSwiftPackageReference "SnapKit" */,
				0242E3CA28F6EE570026050B /* XCRemoteSwiftPackageReference "SwiftyColor" */,
				0242E3CD28F6EE7D0026050B /* XCRemoteSwiftPackageReference "Then" */,
			);
			productRefGroup = 0219DF3528E805E9001F9103 /* Products */;
			projectDirPath = "";
			projectRoot = "";
			targets = (
				0219DF3328E805E9001F9103 /* IN_SOPT_First_Seminar */,
			);
		};
/* End PBXProject section */

/* Begin PBXResourcesBuildPhase section */
		0219DF3228E805E9001F9103 /* Resources */ = {
			isa = PBXResourcesBuildPhase;
			buildActionMask = 2147483647;
			files = (
				0219DF4428E805EB001F9103 /* LaunchScreen.storyboard in Resources */,
				0219DF4128E805EB001F9103 /* Assets.xcassets in Resources */,
				0219DF3F28E805E9001F9103 /* Main.storyboard in Resources */,
			);
			runOnlyForDeploymentPostprocessing = 0;
		};
/* End PBXResourcesBuildPhase section */

/* Begin PBXSourcesBuildPhase section */
		0219DF3028E805E9001F9103 /* Sources */ = {
			isa = PBXSourcesBuildPhase;
			buildActionMask = 2147483647;
			files = (
				024247AD28F8730900E21138 /* ScrollLayoutViewController.swift in Sources */,
				025D5EAC29147498001B73CA /* ChatCollectionReusableView.swift in Sources */,
				025D5EB029148289001B73CA /* GridPhotoModel.swift in Sources */,
				02A303ED291273E2003D7DBD /* FriendListModel.swift in Sources */,
				024247AB28F8730900E21138 /* SecondLayoutViewController.swift in Sources */,
				02327F3528EDFF3700EE7C6B /* LoginViewController.swift in Sources */,
				029EAE6528FA9ED400C92CD3 /* MusicGridViewController.swift in Sources */,
				02327F3928EDFF5100EE7C6B /* WelcomeViewController.swift in Sources */,
				025D5EAE2914815B001B73CA /* GridPhotoViewController.swift in Sources */,
				02E97432291045CA00DE37DA /* MoreViewController.swift in Sources */,
				02E9742E291045AA00DE37DA /* SharpViewController.swift in Sources */,
				0219DF3C28E805E9001F9103 /* ViewController.swift in Sources */,
				029EAE5628FA7ED200C92CD3 /* DelegateViewController.swift in Sources */,
				0219DF3828E805E9001F9103 /* AppDelegate.swift in Sources */,
				0246FC6528F355AA006560B5 /* ProfileViewController.swift in Sources */,
				02E9742C2910453C00DE37DA /* ChatCollectionViewController.swift in Sources */,
				0219DF3A28E805E9001F9103 /* SceneDelegate.swift in Sources */,
				0219DF4F28E81BA0001F9103 /* SecondViewController.swift in Sources */,
				0219DF4C28E81593001F9103 /* FirstViewController.swift in Sources */,
				029EAE6328FA8F4B00C92CD3 /* MusicListViewController.swift in Sources */,
				02E9742A2910440A00DE37DA /* KaKaoTabbarController.swift in Sources */,
				027010E82912E0D0003A8635 /* FriendTableViewCell.swift in Sources */,
				025D5EA629144D5E001B73CA /* MyProfileHeaderView.swift in Sources */,
				024247AA28F8730900E21138 /* MelonViewController.swift in Sources */,
				025D5EA829145913001B73CA /* ChatCollectionModel.swift in Sources */,
				024247AC28F8730900E21138 /* FirstLayoutViewController.swift in Sources */,
				029EAE5B28FA818700C92CD3 /* MusicModel.swift in Sources */,
				029EAE6828FAA03900C92CD3 /* MusicCollectionViewCell.swift in Sources */,
				02E97430291045BA00DE37DA /* ShopViewController.swift in Sources */,
				0246FC6328F34950006560B5 /* FriendListViewController.swift in Sources */,
				025D5EB2291488C0001B73CA /* GridCollectionViewCell.swift in Sources */,
				02327F3728EDFF4300EE7C6B /* SignupViewController.swift in Sources */,
				025D5EAA29146221001B73CA /* ChatCollectionViewCell.swift in Sources */,
				029EAE6128FA8C8700C92CD3 /* MusicTableViewCell.swift in Sources */,
			);
			runOnlyForDeploymentPostprocessing = 0;
		};
/* End PBXSourcesBuildPhase section */

/* Begin PBXVariantGroup section */
		0219DF3D28E805E9001F9103 /* Main.storyboard */ = {
			isa = PBXVariantGroup;
			children = (
				0219DF3E28E805E9001F9103 /* Base */,
			);
			name = Main.storyboard;
			sourceTree = "<group>";
		};
		0219DF4228E805EB001F9103 /* LaunchScreen.storyboard */ = {
			isa = PBXVariantGroup;
			children = (
				0219DF4328E805EB001F9103 /* Base */,
			);
			name = LaunchScreen.storyboard;
			sourceTree = "<group>";
		};
/* End PBXVariantGroup section */

/* Begin XCBuildConfiguration section */
		0219DF4628E805EB001F9103 /* Debug */ = {
			isa = XCBuildConfiguration;
			buildSettings = {
				ALWAYS_SEARCH_USER_PATHS = NO;
				CLANG_ANALYZER_NONNULL = YES;
				CLANG_ANALYZER_NUMBER_OBJECT_CONVERSION = YES_AGGRESSIVE;
				CLANG_CXX_LANGUAGE_STANDARD = "gnu++17";
				CLANG_ENABLE_MODULES = YES;
				CLANG_ENABLE_OBJC_ARC = YES;
				CLANG_ENABLE_OBJC_WEAK = YES;
				CLANG_WARN_BLOCK_CAPTURE_AUTORELEASING = YES;
				CLANG_WARN_BOOL_CONVERSION = YES;
				CLANG_WARN_COMMA = YES;
				CLANG_WARN_CONSTANT_CONVERSION = YES;
				CLANG_WARN_DEPRECATED_OBJC_IMPLEMENTATIONS = YES;
				CLANG_WARN_DIRECT_OBJC_ISA_USAGE = YES_ERROR;
				CLANG_WARN_DOCUMENTATION_COMMENTS = YES;
				CLANG_WARN_EMPTY_BODY = YES;
				CLANG_WARN_ENUM_CONVERSION = YES;
				CLANG_WARN_INFINITE_RECURSION = YES;
				CLANG_WARN_INT_CONVERSION = YES;
				CLANG_WARN_NON_LITERAL_NULL_CONVERSION = YES;
				CLANG_WARN_OBJC_IMPLICIT_RETAIN_SELF = YES;
				CLANG_WARN_OBJC_LITERAL_CONVERSION = YES;
				CLANG_WARN_OBJC_ROOT_CLASS = YES_ERROR;
				CLANG_WARN_QUOTED_INCLUDE_IN_FRAMEWORK_HEADER = YES;
				CLANG_WARN_RANGE_LOOP_ANALYSIS = YES;
				CLANG_WARN_STRICT_PROTOTYPES = YES;
				CLANG_WARN_SUSPICIOUS_MOVE = YES;
				CLANG_WARN_UNGUARDED_AVAILABILITY = YES_AGGRESSIVE;
				CLANG_WARN_UNREACHABLE_CODE = YES;
				CLANG_WARN__DUPLICATE_METHOD_MATCH = YES;
				COPY_PHASE_STRIP = NO;
				DEBUG_INFORMATION_FORMAT = dwarf;
				ENABLE_STRICT_OBJC_MSGSEND = YES;
				ENABLE_TESTABILITY = YES;
				GCC_C_LANGUAGE_STANDARD = gnu11;
				GCC_DYNAMIC_NO_PIC = NO;
				GCC_NO_COMMON_BLOCKS = YES;
				GCC_OPTIMIZATION_LEVEL = 0;
				GCC_PREPROCESSOR_DEFINITIONS = (
					"DEBUG=1",
					"$(inherited)",
				);
				GCC_WARN_64_TO_32_BIT_CONVERSION = YES;
				GCC_WARN_ABOUT_RETURN_TYPE = YES_ERROR;
				GCC_WARN_UNDECLARED_SELECTOR = YES;
				GCC_WARN_UNINITIALIZED_AUTOS = YES_AGGRESSIVE;
				GCC_WARN_UNUSED_FUNCTION = YES;
				GCC_WARN_UNUSED_VARIABLE = YES;
				IPHONEOS_DEPLOYMENT_TARGET = 15.5;
				MTL_ENABLE_DEBUG_INFO = INCLUDE_SOURCE;
				MTL_FAST_MATH = YES;
				ONLY_ACTIVE_ARCH = YES;
				SDKROOT = iphoneos;
				SWIFT_ACTIVE_COMPILATION_CONDITIONS = DEBUG;
				SWIFT_OPTIMIZATION_LEVEL = "-Onone";
			};
			name = Debug;
		};
		0219DF4728E805EB001F9103 /* Release */ = {
			isa = XCBuildConfiguration;
			buildSettings = {
				ALWAYS_SEARCH_USER_PATHS = NO;
				CLANG_ANALYZER_NONNULL = YES;
				CLANG_ANALYZER_NUMBER_OBJECT_CONVERSION = YES_AGGRESSIVE;
				CLANG_CXX_LANGUAGE_STANDARD = "gnu++17";
				CLANG_ENABLE_MODULES = YES;
				CLANG_ENABLE_OBJC_ARC = YES;
				CLANG_ENABLE_OBJC_WEAK = YES;
				CLANG_WARN_BLOCK_CAPTURE_AUTORELEASING = YES;
				CLANG_WARN_BOOL_CONVERSION = YES;
				CLANG_WARN_COMMA = YES;
				CLANG_WARN_CONSTANT_CONVERSION = YES;
				CLANG_WARN_DEPRECATED_OBJC_IMPLEMENTATIONS = YES;
				CLANG_WARN_DIRECT_OBJC_ISA_USAGE = YES_ERROR;
				CLANG_WARN_DOCUMENTATION_COMMENTS = YES;
				CLANG_WARN_EMPTY_BODY = YES;
				CLANG_WARN_ENUM_CONVERSION = YES;
				CLANG_WARN_INFINITE_RECURSION = YES;
				CLANG_WARN_INT_CONVERSION = YES;
				CLANG_WARN_NON_LITERAL_NULL_CONVERSION = YES;
				CLANG_WARN_OBJC_IMPLICIT_RETAIN_SELF = YES;
				CLANG_WARN_OBJC_LITERAL_CONVERSION = YES;
				CLANG_WARN_OBJC_ROOT_CLASS = YES_ERROR;
				CLANG_WARN_QUOTED_INCLUDE_IN_FRAMEWORK_HEADER = YES;
				CLANG_WARN_RANGE_LOOP_ANALYSIS = YES;
				CLANG_WARN_STRICT_PROTOTYPES = YES;
				CLANG_WARN_SUSPICIOUS_MOVE = YES;
				CLANG_WARN_UNGUARDED_AVAILABILITY = YES_AGGRESSIVE;
				CLANG_WARN_UNREACHABLE_CODE = YES;
				CLANG_WARN__DUPLICATE_METHOD_MATCH = YES;
				COPY_PHASE_STRIP = NO;
				DEBUG_INFORMATION_FORMAT = "dwarf-with-dsym";
				ENABLE_NS_ASSERTIONS = NO;
				ENABLE_STRICT_OBJC_MSGSEND = YES;
				GCC_C_LANGUAGE_STANDARD = gnu11;
				GCC_NO_COMMON_BLOCKS = YES;
				GCC_WARN_64_TO_32_BIT_CONVERSION = YES;
				GCC_WARN_ABOUT_RETURN_TYPE = YES_ERROR;
				GCC_WARN_UNDECLARED_SELECTOR = YES;
				GCC_WARN_UNINITIALIZED_AUTOS = YES_AGGRESSIVE;
				GCC_WARN_UNUSED_FUNCTION = YES;
				GCC_WARN_UNUSED_VARIABLE = YES;
				IPHONEOS_DEPLOYMENT_TARGET = 15.5;
				MTL_ENABLE_DEBUG_INFO = NO;
				MTL_FAST_MATH = YES;
				SDKROOT = iphoneos;
				SWIFT_COMPILATION_MODE = wholemodule;
				SWIFT_OPTIMIZATION_LEVEL = "-O";
				VALIDATE_PRODUCT = YES;
			};
			name = Release;
		};
		0219DF4928E805EB001F9103 /* Debug */ = {
			isa = XCBuildConfiguration;
			buildSettings = {
				ASSETCATALOG_COMPILER_APPICON_NAME = AppIcon;
				ASSETCATALOG_COMPILER_GLOBAL_ACCENT_COLOR_NAME = AccentColor;
				CODE_SIGN_STYLE = Automatic;
				CURRENT_PROJECT_VERSION = 1;
				DEVELOPMENT_TEAM = 2QWMDJG53V;
				GENERATE_INFOPLIST_FILE = YES;
				INFOPLIST_FILE = IN_SOPT_First_Seminar/Info.plist;
				INFOPLIST_KEY_UIApplicationSupportsIndirectInputEvents = YES;
				INFOPLIST_KEY_UIMainStoryboardFile = Main;
				INFOPLIST_KEY_UISupportedInterfaceOrientations_iPad = "UIInterfaceOrientationPortrait UIInterfaceOrientationPortraitUpsideDown UIInterfaceOrientationLandscapeLeft UIInterfaceOrientationLandscapeRight";
				INFOPLIST_KEY_UISupportedInterfaceOrientations_iPhone = "UIInterfaceOrientationPortrait UIInterfaceOrientationLandscapeLeft UIInterfaceOrientationLandscapeRight";
				LD_RUNPATH_SEARCH_PATHS = (
					"$(inherited)",
					"@executable_path/Frameworks",
				);
				MARKETING_VERSION = 1.0;
				PRODUCT_BUNDLE_IDENTIFIER = "wonni.IN-SOPT-First-Seminar";
				PRODUCT_NAME = "$(TARGET_NAME)";
				SWIFT_EMIT_LOC_STRINGS = YES;
				SWIFT_VERSION = 5.0;
				TARGETED_DEVICE_FAMILY = "1,2";
			};
			name = Debug;
		};
		0219DF4A28E805EB001F9103 /* Release */ = {
			isa = XCBuildConfiguration;
			buildSettings = {
				ASSETCATALOG_COMPILER_APPICON_NAME = AppIcon;
				ASSETCATALOG_COMPILER_GLOBAL_ACCENT_COLOR_NAME = AccentColor;
				CODE_SIGN_STYLE = Automatic;
				CURRENT_PROJECT_VERSION = 1;
				DEVELOPMENT_TEAM = 2QWMDJG53V;
				GENERATE_INFOPLIST_FILE = YES;
				INFOPLIST_FILE = IN_SOPT_First_Seminar/Info.plist;
				INFOPLIST_KEY_UIApplicationSupportsIndirectInputEvents = YES;
				INFOPLIST_KEY_UIMainStoryboardFile = Main;
				INFOPLIST_KEY_UISupportedInterfaceOrientations_iPad = "UIInterfaceOrientationPortrait UIInterfaceOrientationPortraitUpsideDown UIInterfaceOrientationLandscapeLeft UIInterfaceOrientationLandscapeRight";
				INFOPLIST_KEY_UISupportedInterfaceOrientations_iPhone = "UIInterfaceOrientationPortrait UIInterfaceOrientationLandscapeLeft UIInterfaceOrientationLandscapeRight";
				LD_RUNPATH_SEARCH_PATHS = (
					"$(inherited)",
					"@executable_path/Frameworks",
				);
				MARKETING_VERSION = 1.0;
				PRODUCT_BUNDLE_IDENTIFIER = "wonni.IN-SOPT-First-Seminar";
				PRODUCT_NAME = "$(TARGET_NAME)";
				SWIFT_EMIT_LOC_STRINGS = YES;
				SWIFT_VERSION = 5.0;
				TARGETED_DEVICE_FAMILY = "1,2";
			};
			name = Release;
		};
/* End XCBuildConfiguration section */

/* Begin XCConfigurationList section */
		0219DF2F28E805E9001F9103 /* Build configuration list for PBXProject "IN_SOPT_First_Seminar" */ = {
			isa = XCConfigurationList;
			buildConfigurations = (
				0219DF4628E805EB001F9103 /* Debug */,
				0219DF4728E805EB001F9103 /* Release */,
			);
			defaultConfigurationIsVisible = 0;
			defaultConfigurationName = Release;
		};
		0219DF4828E805EB001F9103 /* Build configuration list for PBXNativeTarget "IN_SOPT_First_Seminar" */ = {
			isa = XCConfigurationList;
			buildConfigurations = (
				0219DF4928E805EB001F9103 /* Debug */,
				0219DF4A28E805EB001F9103 /* Release */,
			);
			defaultConfigurationIsVisible = 0;
			defaultConfigurationName = Release;
		};
/* End XCConfigurationList section */

/* Begin XCRemoteSwiftPackageReference section */
		0242E3CA28F6EE570026050B /* XCRemoteSwiftPackageReference "SwiftyColor" */ = {
			isa = XCRemoteSwiftPackageReference;
			repositoryURL = "https://github.com/devxoul/SwiftyColor";
			requirement = {
				kind = upToNextMajorVersion;
				minimumVersion = 1.0.0;
			};
		};
		0242E3CD28F6EE7D0026050B /* XCRemoteSwiftPackageReference "Then" */ = {
			isa = XCRemoteSwiftPackageReference;
			repositoryURL = "https://github.com/devxoul/Then";
			requirement = {
				kind = upToNextMajorVersion;
				minimumVersion = 3.0.0;
			};
		};
		025EEF1A28F14D3A00625CF7 /* XCRemoteSwiftPackageReference "SnapKit" */ = {
			isa = XCRemoteSwiftPackageReference;
			repositoryURL = "https://github.com/SnapKit/SnapKit";
			requirement = {
				kind = upToNextMajorVersion;
				minimumVersion = 5.0.0;
			};
		};
/* End XCRemoteSwiftPackageReference section */

/* Begin XCSwiftPackageProductDependency section */
		0242E3CB28F6EE570026050B /* SwiftyColor */ = {
			isa = XCSwiftPackageProductDependency;
			package = 0242E3CA28F6EE570026050B /* XCRemoteSwiftPackageReference "SwiftyColor" */;
			productName = SwiftyColor;
		};
		0242E3CE28F6EE7D0026050B /* Then */ = {
			isa = XCSwiftPackageProductDependency;
			package = 0242E3CD28F6EE7D0026050B /* XCRemoteSwiftPackageReference "Then" */;
			productName = Then;
		};
		025EEF1B28F14D3A00625CF7 /* SnapKit */ = {
			isa = XCSwiftPackageProductDependency;
			package = 025EEF1A28F14D3A00625CF7 /* XCRemoteSwiftPackageReference "SnapKit" */;
			productName = SnapKit;
		};
/* End XCSwiftPackageProductDependency section */
	};
	rootObject = 0219DF2C28E805E9001F9103 /* Project object */;
}
